
Microsoft Visual Studio Solution File, Format Version 12.00
# Visual Studio 15
VisualStudioVersion = 15.0.27703.2042
MinimumVisualStudioVersion = 10.0.40219.1
Project("{FAE04EC0-301F-11D3-BF4B-00C04F79EFBC}") = "Encapsulation", "Encapsulation\Encapsulation.csproj", "{F6BF4F45-35C6-4B38-A8FE-CF736431A8B7}"
EndProject
Global
	GlobalSection(SolutionConfigurationPlatforms) = preSolution
		Debug|Any CPU = Debug|Any CPU
		Release|Any CPU = Release|Any CPU
	EndGlobalSection
	GlobalSection(ProjectConfigurationPlatforms) = postSolution
		{F6BF4F45-35C6-4B38-A8FE-CF736431A8B7}.Debug|Any CPU.ActiveCfg = Debug|Any CPU
		{F6BF4F45-35C6-4B38-A8FE-CF736431A8B7}.Debug|Any CPU.Build.0 = Debug|Any CPU
		{F6BF4F45-35C6-4B38-A8FE-CF736431A8B7}.Release|Any CPU.ActiveCfg = Release|Any CPU
		{F6BF4F45-35C6-4B38-A8FE-CF736431A8B7}.Release|Any CPU.Build.0 = Release|Any CPU
	EndGlobalSection
	GlobalSection(SolutionProperties) = preSolution
		HideSolutionNode = FALSE
	EndGlobalSection
	GlobalSection(ExtensibilityGlobals) = postSolution
		SolutionGuid = {CD75EF48-B46F-4D7A-ABDA-29F7BE41C949}
	EndGlobalSection
EndGlobal
